
Microsoft Visual Studio Solution File, Format Version 12.00
# Visual Studio Version 17
VisualStudioVersion = 17.5.33209.295
MinimumVisualStudioVersion = 10.0.40219.1
Project("{9A19103F-16F7-4668-BE54-9A1E7A4F7556}") = "LighthouseControlCmd", "LighthouseControlCmd\LighthouseControlCmd.csproj", "{1021CEFC-E118-41C9-B933-35654BEB2A39}"
EndProject
Project("{9A19103F-16F7-4668-BE54-9A1E7A4F7556}") = "LighthouseControlService", "LighthouseControlService\LighthouseControlService.csproj", "{72AFF528-DF32-42EC-9C90-042C4708BFB4}"
EndProject
Project("{9A19103F-16F7-4668-BE54-9A1E7A4F7556}") = "Lighthouse Controller", "Lighthouse Controller\Lighthouse Controller.csproj", "{414669C2-3CF7-4046-A398-6C30F18B2BD0}"
EndProject
Project("{54435603-DBB4-11D2-8724-00A0C9A8B90C}") = "Lighthouse Controller Installer", "Lighthouse Controller Installer\Lighthouse Controller Installer.vdproj", "{2A5AE1A1-8ECF-41D0-8B94-31DF9613FE81}"
EndProject
Project("{FAE04EC0-301F-11D3-BF4B-00C04F79EFBC}") = "Service", "Service\Service.csproj", "{33CA3644-2678-464E-85D3-B0292E0DEC2C}"
EndProject
Project("{FAE04EC0-301F-11D3-BF4B-00C04F79EFBC}") = "ConsoleApp", "ConsoleApp\ConsoleApp.csproj", "{9C017249-9BB3-4653-9A0B-342CA26B9CDB}"
EndProject
Global
	GlobalSection(SolutionConfigurationPlatforms) = preSolution
		Debug|Any CPU = Debug|Any CPU
		Debug|ARM = Debug|ARM
		Debug|ARM64 = Debug|ARM64
		Debug|x64 = Debug|x64
		Debug|x86 = Debug|x86
		Release|Any CPU = Release|Any CPU
		Release|ARM = Release|ARM
		Release|ARM64 = Release|ARM64
		Release|x64 = Release|x64
		Release|x86 = Release|x86
	EndGlobalSection
	GlobalSection(ProjectConfigurationPlatforms) = postSolution
		{1021CEFC-E118-41C9-B933-35654BEB2A39}.Debug|Any CPU.ActiveCfg = Debug|Any CPU
		{1021CEFC-E118-41C9-B933-35654BEB2A39}.Debug|Any CPU.Build.0 = Debug|Any CPU
		{1021CEFC-E118-41C9-B933-35654BEB2A39}.Debug|ARM.ActiveCfg = Debug|Any CPU
		{1021CEFC-E118-41C9-B933-35654BEB2A39}.Debug|ARM.Build.0 = Debug|Any CPU
		{1021CEFC-E118-41C9-B933-35654BEB2A39}.Debug|ARM64.ActiveCfg = Debug|Any CPU
		{1021CEFC-E118-41C9-B933-35654BEB2A39}.Debug|ARM64.Build.0 = Debug|Any CPU
		{1021CEFC-E118-41C9-B933-35654BEB2A39}.Debug|x64.ActiveCfg = Debug|Any CPU
		{1021CEFC-E118-41C9-B933-35654BEB2A39}.Debug|x64.Build.0 = Debug|Any CPU
		{1021CEFC-E118-41C9-B933-35654BEB2A39}.Debug|x86.ActiveCfg = Debug|Any CPU
		{1021CEFC-E118-41C9-B933-35654BEB2A39}.Debug|x86.Build.0 = Debug|Any CPU
		{1021CEFC-E118-41C9-B933-35654BEB2A39}.Release|Any CPU.ActiveCfg = Release|Any CPU
		{1021CEFC-E118-41C9-B933-35654BEB2A39}.Release|Any CPU.Build.0 = Release|Any CPU
		{1021CEFC-E118-41C9-B933-35654BEB2A39}.Release|ARM.ActiveCfg = Release|Any CPU
		{1021CEFC-E118-41C9-B933-35654BEB2A39}.Release|ARM.Build.0 = Release|Any CPU
		{1021CEFC-E118-41C9-B933-35654BEB2A39}.Release|ARM64.ActiveCfg = Release|Any CPU
		{1021CEFC-E118-41C9-B933-35654BEB2A39}.Release|ARM64.Build.0 = Release|Any CPU
		{1021CEFC-E118-41C9-B933-35654BEB2A39}.Release|x64.ActiveCfg = Release|Any CPU
		{1021CEFC-E118-41C9-B933-35654BEB2A39}.Release|x64.Build.0 = Release|Any CPU
		{1021CEFC-E118-41C9-B933-35654BEB2A39}.Release|x86.ActiveCfg = Release|Any CPU
		{1021CEFC-E118-41C9-B933-35654BEB2A39}.Release|x86.Build.0 = Release|Any CPU
		{72AFF528-DF32-42EC-9C90-042C4708BFB4}.Debug|Any CPU.ActiveCfg = Debug|Any CPU
		{72AFF528-DF32-42EC-9C90-042C4708BFB4}.Debug|Any CPU.Build.0 = Debug|Any CPU
		{72AFF528-DF32-42EC-9C90-042C4708BFB4}.Debug|ARM.ActiveCfg = Debug|Any CPU
		{72AFF528-DF32-42EC-9C90-042C4708BFB4}.Debug|ARM.Build.0 = Debug|Any CPU
		{72AFF528-DF32-42EC-9C90-042C4708BFB4}.Debug|ARM64.ActiveCfg = Debug|Any CPU
		{72AFF528-DF32-42EC-9C90-042C4708BFB4}.Debug|ARM64.Build.0 = Debug|Any CPU
		{72AFF528-DF32-42EC-9C90-042C4708BFB4}.Debug|x64.ActiveCfg = Debug|Any CPU
		{72AFF528-DF32-42EC-9C90-042C4708BFB4}.Debug|x64.Build.0 = Debug|Any CPU
		{72AFF528-DF32-42EC-9C90-042C4708BFB4}.Debug|x86.ActiveCfg = Debug|Any CPU
		{72AFF528-DF32-42EC-9C90-042C4708BFB4}.Debug|x86.Build.0 = Debug|Any CPU
		{72AFF528-DF32-42EC-9C90-042C4708BFB4}.Release|Any CPU.ActiveCfg = Release|Any CPU
		{72AFF528-DF32-42EC-9C90-042C4708BFB4}.Release|Any CPU.Build.0 = Release|Any CPU
		{72AFF528-DF32-42EC-9C90-042C4708BFB4}.Release|ARM.ActiveCfg = Release|Any CPU
		{72AFF528-DF32-42EC-9C90-042C4708BFB4}.Release|ARM.Build.0 = Release|Any CPU
		{72AFF528-DF32-42EC-9C90-042C4708BFB4}.Release|ARM64.ActiveCfg = Release|Any CPU
		{72AFF528-DF32-42EC-9C90-042C4708BFB4}.Release|ARM64.Build.0 = Release|Any CPU
		{72AFF528-DF32-42EC-9C90-042C4708BFB4}.Release|x64.ActiveCfg = Release|Any CPU
		{72AFF528-DF32-42EC-9C90-042C4708BFB4}.Release|x64.Build.0 = Release|Any CPU
		{72AFF528-DF32-42EC-9C90-042C4708BFB4}.Release|x86.ActiveCfg = Release|Any CPU
		{72AFF528-DF32-42EC-9C90-042C4708BFB4}.Release|x86.Build.0 = Release|Any CPU
		{414669C2-3CF7-4046-A398-6C30F18B2BD0}.Debug|Any CPU.ActiveCfg = Debug|Any CPU
		{414669C2-3CF7-4046-A398-6C30F18B2BD0}.Debug|Any CPU.Build.0 = Debug|Any CPU
		{414669C2-3CF7-4046-A398-6C30F18B2BD0}.Debug|ARM.ActiveCfg = Debug|Any CPU
		{414669C2-3CF7-4046-A398-6C30F18B2BD0}.Debug|ARM.Build.0 = Debug|Any CPU
		{414669C2-3CF7-4046-A398-6C30F18B2BD0}.Debug|ARM64.ActiveCfg = Debug|Any CPU
		{414669C2-3CF7-4046-A398-6C30F18B2BD0}.Debug|ARM64.Build.0 = Debug|Any CPU
		{414669C2-3CF7-4046-A398-6C30F18B2BD0}.Debug|x64.ActiveCfg = Debug|Any CPU
		{414669C2-3CF7-4046-A398-6C30F18B2BD0}.Debug|x64.Build.0 = Debug|Any CPU
		{414669C2-3CF7-4046-A398-6C30F18B2BD0}.Debug|x86.ActiveCfg = Debug|Any CPU
		{414669C2-3CF7-4046-A398-6C30F18B2BD0}.Debug|x86.Build.0 = Debug|Any CPU
		{414669C2-3CF7-4046-A398-6C30F18B2BD0}.Release|Any CPU.ActiveCfg = Release|Any CPU
		{414669C2-3CF7-4046-A398-6C30F18B2BD0}.Release|Any CPU.Build.0 = Release|Any CPU
		{414669C2-3CF7-4046-A398-6C30F18B2BD0}.Release|ARM.ActiveCfg = Release|Any CPU
		{414669C2-3CF7-4046-A398-6C30F18B2BD0}.Release|ARM.Build.0 = Release|Any CPU
		{414669C2-3CF7-4046-A398-6C30F18B2BD0}.Release|ARM64.ActiveCfg = Release|Any CPU
		{414669C2-3CF7-4046-A398-6C30F18B2BD0}.Release|ARM64.Build.0 = Release|Any CPU
		{414669C2-3CF7-4046-A398-6C30F18B2BD0}.Release|x64.ActiveCfg = Release|Any CPU
		{414669C2-3CF7-4046-A398-6C30F18B2BD0}.Release|x64.Build.0 = Release|Any CPU
		{414669C2-3CF7-4046-A398-6C30F18B2BD0}.Release|x86.ActiveCfg = Release|Any CPU
		{414669C2-3CF7-4046-A398-6C30F18B2BD0}.Release|x86.Build.0 = Release|Any CPU
		{2A5AE1A1-8ECF-41D0-8B94-31DF9613FE81}.Debug|Any CPU.ActiveCfg = Debug
		{2A5AE1A1-8ECF-41D0-8B94-31DF9613FE81}.Debug|ARM.ActiveCfg = Debug
		{2A5AE1A1-8ECF-41D0-8B94-31DF9613FE81}.Debug|ARM64.ActiveCfg = Debug
		{2A5AE1A1-8ECF-41D0-8B94-31DF9613FE81}.Debug|x64.ActiveCfg = Debug
		{2A5AE1A1-8ECF-41D0-8B94-31DF9613FE81}.Debug|x86.ActiveCfg = Debug
		{2A5AE1A1-8ECF-41D0-8B94-31DF9613FE81}.Release|Any CPU.ActiveCfg = Release
		{2A5AE1A1-8ECF-41D0-8B94-31DF9613FE81}.Release|ARM.ActiveCfg = Release
		{2A5AE1A1-8ECF-41D0-8B94-31DF9613FE81}.Release|ARM64.ActiveCfg = Release
		{2A5AE1A1-8ECF-41D0-8B94-31DF9613FE81}.Release|x64.ActiveCfg = Release
		{2A5AE1A1-8ECF-41D0-8B94-31DF9613FE81}.Release|x86.ActiveCfg = Release
		{33CA3644-2678-464E-85D3-B0292E0DEC2C}.Debug|Any CPU.ActiveCfg = Debug|Any CPU
		{33CA3644-2678-464E-85D3-B0292E0DEC2C}.Debug|Any CPU.Build.0 = Debug|Any CPU
		{33CA3644-2678-464E-85D3-B0292E0DEC2C}.Debug|ARM.ActiveCfg = Debug|Any CPU
		{33CA3644-2678-464E-85D3-B0292E0DEC2C}.Debug|ARM.Build.0 = Debug|Any CPU
		{33CA3644-2678-464E-85D3-B0292E0DEC2C}.Debug|ARM64.ActiveCfg = Debug|Any CPU
		{33CA3644-2678-464E-85D3-B0292E0DEC2C}.Debug|ARM64.Build.0 = Debug|Any CPU
		{33CA3644-2678-464E-85D3-B0292E0DEC2C}.Debug|x64.ActiveCfg = Debug|Any CPU
		{33CA3644-2678-464E-85D3-B0292E0DEC2C}.Debug|x64.Build.0 = Debug|Any CPU
		{33CA3644-2678-464E-85D3-B0292E0DEC2C}.Debug|x86.ActiveCfg = Debug|Any CPU
		{33CA3644-2678-464E-85D3-B0292E0DEC2C}.Debug|x86.Build.0 = Debug|Any CPU
		{33CA3644-2678-464E-85D3-B0292E0DEC2C}.Release|Any CPU.ActiveCfg = Release|Any CPU
		{33CA3644-2678-464E-85D3-B0292E0DEC2C}.Release|Any CPU.Build.0 = Release|Any CPU
		{33CA3644-2678-464E-85D3-B0292E0DEC2C}.Release|ARM.ActiveCfg = Release|Any CPU
		{33CA3644-2678-464E-85D3-B0292E0DEC2C}.Release|ARM.Build.0 = Release|Any CPU
		{33CA3644-2678-464E-85D3-B0292E0DEC2C}.Release|ARM64.ActiveCfg = Release|Any CPU
		{33CA3644-2678-464E-85D3-B0292E0DEC2C}.Release|ARM64.Build.0 = Release|Any CPU
		{33CA3644-2678-464E-85D3-B0292E0DEC2C}.Release|x64.ActiveCfg = Release|Any CPU
		{33CA3644-2678-464E-85D3-B0292E0DEC2C}.Release|x64.Build.0 = Release|Any CPU
		{33CA3644-2678-464E-85D3-B0292E0DEC2C}.Release|x86.ActiveCfg = Release|Any CPU
		{33CA3644-2678-464E-85D3-B0292E0DEC2C}.Release|x86.Build.0 = Release|Any CPU
		{9C017249-9BB3-4653-9A0B-342CA26B9CDB}.Debug|Any CPU.ActiveCfg = Debug|Any CPU
		{9C017249-9BB3-4653-9A0B-342CA26B9CDB}.Debug|Any CPU.Build.0 = Debug|Any CPU
		{9C017249-9BB3-4653-9A0B-342CA26B9CDB}.Debug|ARM.ActiveCfg = Debug|Any CPU
		{9C017249-9BB3-4653-9A0B-342CA26B9CDB}.Debug|ARM.Build.0 = Debug|Any CPU
		{9C017249-9BB3-4653-9A0B-342CA26B9CDB}.Debug|ARM64.ActiveCfg = Debug|Any CPU
		{9C017249-9BB3-4653-9A0B-342CA26B9CDB}.Debug|ARM64.Build.0 = Debug|Any CPU
		{9C017249-9BB3-4653-9A0B-342CA26B9CDB}.Debug|x64.ActiveCfg = Debug|Any CPU
		{9C017249-9BB3-4653-9A0B-342CA26B9CDB}.Debug|x64.Build.0 = Debug|Any CPU
		{9C017249-9BB3-4653-9A0B-342CA26B9CDB}.Debug|x86.ActiveCfg = Debug|Any CPU
		{9C017249-9BB3-4653-9A0B-342CA26B9CDB}.Debug|x86.Build.0 = Debug|Any CPU
		{9C017249-9BB3-4653-9A0B-342CA26B9CDB}.Release|Any CPU.ActiveCfg = Release|Any CPU
		{9C017249-9BB3-4653-9A0B-342CA26B9CDB}.Release|Any CPU.Build.0 = Release|Any CPU
		{9C017249-9BB3-4653-9A0B-342CA26B9CDB}.Release|ARM.ActiveCfg = Release|Any CPU
		{9C017249-9BB3-4653-9A0B-342CA26B9CDB}.Release|ARM.Build.0 = Release|Any CPU
		{9C017249-9BB3-4653-9A0B-342CA26B9CDB}.Release|ARM64.ActiveCfg = Release|Any CPU
		{9C017249-9BB3-4653-9A0B-342CA26B9CDB}.Release|ARM64.Build.0 = Release|Any CPU
		{9C017249-9BB3-4653-9A0B-342CA26B9CDB}.Release|x64.ActiveCfg = Release|Any CPU
		{9C017249-9BB3-4653-9A0B-342CA26B9CDB}.Release|x64.Build.0 = Release|Any CPU
		{9C017249-9BB3-4653-9A0B-342CA26B9CDB}.Release|x86.ActiveCfg = Release|Any CPU
		{9C017249-9BB3-4653-9A0B-342CA26B9CDB}.Release|x86.Build.0 = Release|Any CPU
	EndGlobalSection
	GlobalSection(SolutionProperties) = preSolution
		HideSolutionNode = FALSE
	EndGlobalSection
	GlobalSection(ExtensibilityGlobals) = postSolution
		SolutionGuid = {1AB5CFE2-143A-42AA-9575-11F50FF8F649}
	EndGlobalSection
EndGlobal
